
Microsoft Visual Studio Solution File, Format Version 12.00
# Visual Studio Version 16
VisualStudioVersion = 16.0.29424.173
MinimumVisualStudioVersion = 10.0.40219.1
Project("{FAE04EC0-301F-11D3-BF4B-00C04F79EFBC}") = "Mars", "Mars.csproj", "{D5E34665-4B1E-4037-99B4-18D637435341}"
EndProject
Project("{FAE04EC0-301F-11D3-BF4B-00C04F79EFBC}") = "Cdy.Tag", "..\Cdy.Tag\Cdy.Tag.csproj", "{B4DB2B2D-6754-4B71-BC37-C8F1816646C1}"
EndProject
Project("{FAE04EC0-301F-11D3-BF4B-00C04F79EFBC}") = "DbManager.Desktop", "..\DbManager.Desktop\DbManager.Desktop.csproj", "{013BD1E6-D607-4994-9EBE-2E9ED116AAC6}"
EndProject
Global
	GlobalSection(SolutionConfigurationPlatforms) = preSolution
		Debug|Any CPU = Debug|Any CPU
		Release|Any CPU = Release|Any CPU
	EndGlobalSection
	GlobalSection(ProjectConfigurationPlatforms) = postSolution
		{D5E34665-4B1E-4037-99B4-18D637435341}.Debug|Any CPU.ActiveCfg = Debug|Any CPU
		{D5E34665-4B1E-4037-99B4-18D637435341}.Debug|Any CPU.Build.0 = Debug|Any CPU
		{D5E34665-4B1E-4037-99B4-18D637435341}.Release|Any CPU.ActiveCfg = Release|Any CPU
		{D5E34665-4B1E-4037-99B4-18D637435341}.Release|Any CPU.Build.0 = Release|Any CPU
		{B4DB2B2D-6754-4B71-BC37-C8F1816646C1}.Debug|Any CPU.ActiveCfg = Debug|Any CPU
		{B4DB2B2D-6754-4B71-BC37-C8F1816646C1}.Debug|Any CPU.Build.0 = Debug|Any CPU
		{B4DB2B2D-6754-4B71-BC37-C8F1816646C1}.Release|Any CPU.ActiveCfg = Release|Any CPU
		{B4DB2B2D-6754-4B71-BC37-C8F1816646C1}.Release|Any CPU.Build.0 = Release|Any CPU
		{013BD1E6-D607-4994-9EBE-2E9ED116AAC6}.Debug|Any CPU.ActiveCfg = Debug|Any CPU
		{013BD1E6-D607-4994-9EBE-2E9ED116AAC6}.Debug|Any CPU.Build.0 = Debug|Any CPU
		{013BD1E6-D607-4994-9EBE-2E9ED116AAC6}.Release|Any CPU.ActiveCfg = Release|Any CPU
		{013BD1E6-D607-4994-9EBE-2E9ED116AAC6}.Release|Any CPU.Build.0 = Release|Any CPU
	EndGlobalSection
	GlobalSection(SolutionProperties) = preSolution
		HideSolutionNode = FALSE
	EndGlobalSection
	GlobalSection(ExtensibilityGlobals) = postSolution
		SolutionGuid = {577CCEC3-4CDB-458A-B93D-F8579C2C3D8F}
	EndGlobalSection
EndGlobal
