
Microsoft Visual Studio Solution File, Format Version 12.00
# Visual Studio Version 16
VisualStudioVersion = 16.0.29424.173
MinimumVisualStudioVersion = 10.0.40219.1
Project("{9A19103F-16F7-4668-BE54-9A1E7A4F7556}") = "Cdy.Tag", "Common\Cdy.Tag\Cdy.Tag.csproj", "{B4DB2B2D-6754-4B71-BC37-C8F1816646C1}"
EndProject
Project("{9A19103F-16F7-4668-BE54-9A1E7A4F7556}") = "DBInStudio.Desktop", "Develop\DbManager.Desktop\DBInStudio.Desktop.csproj", "{013BD1E6-D607-4994-9EBE-2E9ED116AAC6}"
EndProject
Project("{9A19103F-16F7-4668-BE54-9A1E7A4F7556}") = "DBRuntime", "RunTime\DBRuntime\DBRuntime.csproj", "{B6CE638E-0175-4CEE-ABE7-D8E4A25B2328}"
EndProject
Project("{9A19103F-16F7-4668-BE54-9A1E7A4F7556}") = "Cdy.Tag.Common", "Common\Cdy.Tag.Common\Cdy.Tag.Common.csproj", "{34F10592-77BF-47D5-B282-3E5856338F97}"
EndProject
Project("{9A19103F-16F7-4668-BE54-9A1E7A4F7556}") = "Cdy.Tag.CommonTests", "Test\Cdy.Tag.CommonTests\Cdy.Tag.CommonTests.csproj", "{15DC4D19-A2D0-4624-B83E-12E6466F148C}"
EndProject
Project("{2150E333-8FDC-42A3-9474-1A3956D46DE8}") = "Tests", "Tests", "{1A69E6A7-33B3-4DAF-9D9D-FD7CD474FFD3}"
EndProject
Project("{9A19103F-16F7-4668-BE54-9A1E7A4F7556}") = "DataRunnerTests", "Test\DataRunnerTests\DataRunnerTests.csproj", "{DF77A949-1A7A-4526-825D-5BF5CC5162E9}"
EndProject
Project("{9A19103F-16F7-4668-BE54-9A1E7A4F7556}") = "DBDevelopService", "Develop\DBDevelopService\DBDevelopService.csproj", "{2925BF23-5C16-42C3-97A0-9E0427F41D8F}"
EndProject
Project("{9A19103F-16F7-4668-BE54-9A1E7A4F7556}") = "DBInStudioServer", "Develop\DBStudio\DBInStudioServer.csproj", "{14B62AEE-0651-4CE3-B330-AB0E711719CE}"
EndProject
Project("{9A19103F-16F7-4668-BE54-9A1E7A4F7556}") = "Cdy.Tag.Driver", "Common\Cdy.Tag.Driver\Cdy.Tag.Driver.csproj", "{A006F93A-A70D-4A0F-AA09-E08A001C5C0D}"
EndProject
Project("{9A19103F-16F7-4668-BE54-9A1E7A4F7556}") = "SimDriver", "Driver\SimDriver\SimDriver.csproj", "{FC8C1E8A-A510-4EDE-9D1B-479EACAAB207}"
EndProject
Project("{9A19103F-16F7-4668-BE54-9A1E7A4F7556}") = "DBDevelopClientApi", "Develop\DBDevelopClientApi\DBDevelopClientApi.csproj", "{8A29E2E6-D7B9-4862-965B-282C4824527B}"
EndProject
Project("{9A19103F-16F7-4668-BE54-9A1E7A4F7556}") = "DBHisData", "RunTime\DBHisData\DBHisData.csproj", "{E347F2F3-FF6A-46EA-B6A3-31334F626EF6}"
EndProject
Project("{9A19103F-16F7-4668-BE54-9A1E7A4F7556}") = "HisDataTools", "Tools\HisDataTools\HisDataTools.csproj", "{4EDEE8A2-D89D-4040-B786-5374C65E8074}"
EndProject
Project("{9A19103F-16F7-4668-BE54-9A1E7A4F7556}") = "DBInRun", "RunTime\DBInRun\DBInRun.csproj", "{F6B8840F-9F8C-4194-923F-BCF0BA1D9BF3}"
EndProject
Project("{2150E333-8FDC-42A3-9474-1A3956D46DE8}") = "RunTime", "RunTime", "{95F6A9D4-42A9-483A-80F8-EADDD6CEFEDE}"
EndProject
Project("{2150E333-8FDC-42A3-9474-1A3956D46DE8}") = "Develop", "Develop", "{1DBC0DA8-2E80-4C0D-AB1F-A1E54CF304FF}"
EndProject
Project("{2150E333-8FDC-42A3-9474-1A3956D46DE8}") = "Common", "Common", "{2C104906-798F-4EEB-931C-F01600EA9F7F}"
EndProject
Project("{9A19103F-16F7-4668-BE54-9A1E7A4F7556}") = "Cdy.Tag.Consume", "Common\Cdy.Tag.Consume\Cdy.Tag.Consume.csproj", "{1B99F842-E366-43E8-8FAF-A14A10740B9E}"
EndProject
Project("{9A19103F-16F7-4668-BE54-9A1E7A4F7556}") = "DbWebApi", "Proxy\DbInRunWebApi\DbWebApi.csproj", "{5D7F9E22-D683-4E27-8952-4A36EE8AB123}"
EndProject
Project("{9A19103F-16F7-4668-BE54-9A1E7A4F7556}") = "Cdy.Tag.Network", "Common\Cdy.Tag.Network\Cdy.Tag.Network.csproj", "{3B08487A-442F-4ACF-BFC1-7A4EE5FD4AE2}"
EndProject
Project("{9A19103F-16F7-4668-BE54-9A1E7A4F7556}") = "DotNettyCore", "Common\DotNettyCore\DotNettyCore.csproj", "{E0939EB9-A00C-4142-A948-71965B77FF17}"
EndProject
Project("{9A19103F-16F7-4668-BE54-9A1E7A4F7556}") = "DBRunTime.ServiceApi", "RunTime\DBRunTime.ServiceApi\DBRunTime.ServiceApi.csproj", "{A1C80D29-71CE-4EBC-982C-C94B9263F7F8}"
EndProject
Project("{9A19103F-16F7-4668-BE54-9A1E7A4F7556}") = "DBRuntime.Real", "RunTime\DBRuntime.Real\DBRuntime.Real.csproj", "{55D1E991-570C-4357-8A7D-73756AA96B83}"
EndProject
Project("{9A19103F-16F7-4668-BE54-9A1E7A4F7556}") = "DBRuntime.Proxy", "RunTime\DBRuntime.Proxy\DBRuntime.Proxy.csproj", "{A346892B-AA87-40D0-8537-1E3C2CD285E3}"
EndProject
Project("{9A19103F-16F7-4668-BE54-9A1E7A4F7556}") = "DBHisDataServer", "RunTime\DBHisDataServer\DBHisDataServer.csproj", "{C022701B-B2F7-429A-850F-C50CDC15B925}"
EndProject
Project("{2150E333-8FDC-42A3-9474-1A3956D46DE8}") = "Tools", "Tools", "{71C3A14F-639C-4C19-AED7-ACC49FD78189}"
EndProject
Project("{2150E333-8FDC-42A3-9474-1A3956D46DE8}") = "Proxy", "Proxy", "{15D0D528-DC48-4E43-A8E8-3EFEC938951B}"
EndProject
Project("{2150E333-8FDC-42A3-9474-1A3956D46DE8}") = "Driver", "Driver", "{CF1EEDD8-FFFF-4E17-B61A-86A1110D9F7C}"
EndProject
Project("{9A19103F-16F7-4668-BE54-9A1E7A4F7556}") = "DBHighApi", "Proxy\DBHighApi\DBHighApi.csproj", "{60D204BE-E780-4B12-BD80-F91DA0D81031}"
EndProject
Project("{9A19103F-16F7-4668-BE54-9A1E7A4F7556}") = "DBHighApi.Client", "Proxy\DBHighApi.Client\DBHighApi.Client.csproj", "{786F338E-1E4C-42D7-9645-17E29C7EFEFD}"
EndProject
Project("{9A19103F-16F7-4668-BE54-9A1E7A4F7556}") = "SpiderDriver", "Driver\SpiderDriver\SpiderDriver.csproj", "{FF1A8DED-B788-45F8-9F52-4ABFE986A7EB}"
EndProject
Project("{9A19103F-16F7-4668-BE54-9A1E7A4F7556}") = "SpiderDriver.ClientApi", "Driver\SpiderDriver.ClientApi\SpiderDriver.ClientApi.csproj", "{A35D2BB4-379D-4C96-8B3F-E655DE6E432E}"
EndProject
Project("{2150E333-8FDC-42A3-9474-1A3956D46DE8}") = "Example", "Example", "{B48ACA8E-45C0-4F17-9638-5CEAC9E5A185}"
EndProject
Project("{2150E333-8FDC-42A3-9474-1A3956D46DE8}") = "Producer", "Producer", "{4DA41AEA-AE61-458B-B516-EE6BDDE180E2}"
EndProject
Project("{2150E333-8FDC-42A3-9474-1A3956D46DE8}") = "Consumer", "Consumer", "{723CADA9-2D52-4F05-9661-1655F8182084}"
EndProject
Project("{9A19103F-16F7-4668-BE54-9A1E7A4F7556}") = "HighSpeedApiDemo", "Example\Consumer\HighSpeedApiDemo\HighSpeedApiDemo.csproj", "{319E920E-9017-4B50-BBC3-D71D546B7DB2}"
EndProject
Project("{9A19103F-16F7-4668-BE54-9A1E7A4F7556}") = "SpiderDriverDemo", "Example\Producter\SpiderDriverDemo\SpiderDriverDemo.csproj", "{D30BF45C-2F6F-4A36-BDEB-761DE11AF3A4}"
EndProject
Project("{9A19103F-16F7-4668-BE54-9A1E7A4F7556}") = "DBRuntimeTests", "RunTime\DBRuntimeTests\DBRuntimeTests.csproj", "{8E64B132-719D-4DBF-925C-F33B42A0B29E}"
EndProject
Project("{9A19103F-16F7-4668-BE54-9A1E7A4F7556}") = "DBGrpcApi", "Proxy\DBGrpcApi\DBGrpcApi.csproj", "{A0FF67D7-D874-4CD5-A6B2-ADC3DC6E09C1}"
EndProject
Project("{9A19103F-16F7-4668-BE54-9A1E7A4F7556}") = "DBGrpcApi.Client", "Proxy\DBGrpcApi.Client\DBGrpcApi.Client.csproj", "{F9A34AAF-C915-45D4-82A0-C85FE8E77BBE}"
EndProject
Project("{FAE04EC0-301F-11D3-BF4B-00C04F79EFBC}") = "DBGrpcApiDemo", "Example\Consumer\DBGrpcApiDemo\DBGrpcApiDemo.csproj", "{A8D3561D-EEEE-47DD-A47F-0F37BDA7350D}"
EndProject
Global
	GlobalSection(SolutionConfigurationPlatforms) = preSolution
		Debug|Any CPU = Debug|Any CPU
		Release|Any CPU = Release|Any CPU
	EndGlobalSection
	GlobalSection(ProjectConfigurationPlatforms) = postSolution
		{B4DB2B2D-6754-4B71-BC37-C8F1816646C1}.Debug|Any CPU.ActiveCfg = Debug|Any CPU
		{B4DB2B2D-6754-4B71-BC37-C8F1816646C1}.Debug|Any CPU.Build.0 = Debug|Any CPU
		{B4DB2B2D-6754-4B71-BC37-C8F1816646C1}.Release|Any CPU.ActiveCfg = Release|Any CPU
		{B4DB2B2D-6754-4B71-BC37-C8F1816646C1}.Release|Any CPU.Build.0 = Release|Any CPU
		{013BD1E6-D607-4994-9EBE-2E9ED116AAC6}.Debug|Any CPU.ActiveCfg = Debug|Any CPU
		{013BD1E6-D607-4994-9EBE-2E9ED116AAC6}.Debug|Any CPU.Build.0 = Debug|Any CPU
		{013BD1E6-D607-4994-9EBE-2E9ED116AAC6}.Release|Any CPU.ActiveCfg = Release|Any CPU
		{013BD1E6-D607-4994-9EBE-2E9ED116AAC6}.Release|Any CPU.Build.0 = Release|Any CPU
		{B6CE638E-0175-4CEE-ABE7-D8E4A25B2328}.Debug|Any CPU.ActiveCfg = Debug|Any CPU
		{B6CE638E-0175-4CEE-ABE7-D8E4A25B2328}.Debug|Any CPU.Build.0 = Debug|Any CPU
		{B6CE638E-0175-4CEE-ABE7-D8E4A25B2328}.Release|Any CPU.ActiveCfg = Release|Any CPU
		{B6CE638E-0175-4CEE-ABE7-D8E4A25B2328}.Release|Any CPU.Build.0 = Release|Any CPU
		{34F10592-77BF-47D5-B282-3E5856338F97}.Debug|Any CPU.ActiveCfg = Debug|Any CPU
		{34F10592-77BF-47D5-B282-3E5856338F97}.Debug|Any CPU.Build.0 = Debug|Any CPU
		{34F10592-77BF-47D5-B282-3E5856338F97}.Release|Any CPU.ActiveCfg = Release|Any CPU
		{34F10592-77BF-47D5-B282-3E5856338F97}.Release|Any CPU.Build.0 = Release|Any CPU
		{15DC4D19-A2D0-4624-B83E-12E6466F148C}.Debug|Any CPU.ActiveCfg = Debug|Any CPU
		{15DC4D19-A2D0-4624-B83E-12E6466F148C}.Debug|Any CPU.Build.0 = Debug|Any CPU
		{15DC4D19-A2D0-4624-B83E-12E6466F148C}.Release|Any CPU.ActiveCfg = Release|Any CPU
		{15DC4D19-A2D0-4624-B83E-12E6466F148C}.Release|Any CPU.Build.0 = Release|Any CPU
		{DF77A949-1A7A-4526-825D-5BF5CC5162E9}.Debug|Any CPU.ActiveCfg = Debug|Any CPU
		{DF77A949-1A7A-4526-825D-5BF5CC5162E9}.Debug|Any CPU.Build.0 = Debug|Any CPU
		{DF77A949-1A7A-4526-825D-5BF5CC5162E9}.Release|Any CPU.ActiveCfg = Release|Any CPU
		{DF77A949-1A7A-4526-825D-5BF5CC5162E9}.Release|Any CPU.Build.0 = Release|Any CPU
		{2925BF23-5C16-42C3-97A0-9E0427F41D8F}.Debug|Any CPU.ActiveCfg = Debug|Any CPU
		{2925BF23-5C16-42C3-97A0-9E0427F41D8F}.Debug|Any CPU.Build.0 = Debug|Any CPU
		{2925BF23-5C16-42C3-97A0-9E0427F41D8F}.Release|Any CPU.ActiveCfg = Release|Any CPU
		{2925BF23-5C16-42C3-97A0-9E0427F41D8F}.Release|Any CPU.Build.0 = Release|Any CPU
		{14B62AEE-0651-4CE3-B330-AB0E711719CE}.Debug|Any CPU.ActiveCfg = Debug|Any CPU
		{14B62AEE-0651-4CE3-B330-AB0E711719CE}.Debug|Any CPU.Build.0 = Debug|Any CPU
		{14B62AEE-0651-4CE3-B330-AB0E711719CE}.Release|Any CPU.ActiveCfg = Release|Any CPU
		{14B62AEE-0651-4CE3-B330-AB0E711719CE}.Release|Any CPU.Build.0 = Release|Any CPU
		{A006F93A-A70D-4A0F-AA09-E08A001C5C0D}.Debug|Any CPU.ActiveCfg = Debug|Any CPU
		{A006F93A-A70D-4A0F-AA09-E08A001C5C0D}.Debug|Any CPU.Build.0 = Debug|Any CPU
		{A006F93A-A70D-4A0F-AA09-E08A001C5C0D}.Release|Any CPU.ActiveCfg = Release|Any CPU
		{A006F93A-A70D-4A0F-AA09-E08A001C5C0D}.Release|Any CPU.Build.0 = Release|Any CPU
		{FC8C1E8A-A510-4EDE-9D1B-479EACAAB207}.Debug|Any CPU.ActiveCfg = Debug|Any CPU
		{FC8C1E8A-A510-4EDE-9D1B-479EACAAB207}.Debug|Any CPU.Build.0 = Debug|Any CPU
		{FC8C1E8A-A510-4EDE-9D1B-479EACAAB207}.Release|Any CPU.ActiveCfg = Release|Any CPU
		{FC8C1E8A-A510-4EDE-9D1B-479EACAAB207}.Release|Any CPU.Build.0 = Release|Any CPU
		{8A29E2E6-D7B9-4862-965B-282C4824527B}.Debug|Any CPU.ActiveCfg = Debug|Any CPU
		{8A29E2E6-D7B9-4862-965B-282C4824527B}.Debug|Any CPU.Build.0 = Debug|Any CPU
		{8A29E2E6-D7B9-4862-965B-282C4824527B}.Release|Any CPU.ActiveCfg = Release|Any CPU
		{8A29E2E6-D7B9-4862-965B-282C4824527B}.Release|Any CPU.Build.0 = Release|Any CPU
		{E347F2F3-FF6A-46EA-B6A3-31334F626EF6}.Debug|Any CPU.ActiveCfg = Debug|Any CPU
		{E347F2F3-FF6A-46EA-B6A3-31334F626EF6}.Debug|Any CPU.Build.0 = Debug|Any CPU
		{E347F2F3-FF6A-46EA-B6A3-31334F626EF6}.Release|Any CPU.ActiveCfg = Release|Any CPU
		{E347F2F3-FF6A-46EA-B6A3-31334F626EF6}.Release|Any CPU.Build.0 = Release|Any CPU
		{4EDEE8A2-D89D-4040-B786-5374C65E8074}.Debug|Any CPU.ActiveCfg = Debug|Any CPU
		{4EDEE8A2-D89D-4040-B786-5374C65E8074}.Debug|Any CPU.Build.0 = Debug|Any CPU
		{4EDEE8A2-D89D-4040-B786-5374C65E8074}.Release|Any CPU.ActiveCfg = Release|Any CPU
		{4EDEE8A2-D89D-4040-B786-5374C65E8074}.Release|Any CPU.Build.0 = Release|Any CPU
		{F6B8840F-9F8C-4194-923F-BCF0BA1D9BF3}.Debug|Any CPU.ActiveCfg = Debug|Any CPU
		{F6B8840F-9F8C-4194-923F-BCF0BA1D9BF3}.Debug|Any CPU.Build.0 = Debug|Any CPU
		{F6B8840F-9F8C-4194-923F-BCF0BA1D9BF3}.Release|Any CPU.ActiveCfg = Release|Any CPU
		{F6B8840F-9F8C-4194-923F-BCF0BA1D9BF3}.Release|Any CPU.Build.0 = Release|Any CPU
		{1B99F842-E366-43E8-8FAF-A14A10740B9E}.Debug|Any CPU.ActiveCfg = Debug|Any CPU
		{1B99F842-E366-43E8-8FAF-A14A10740B9E}.Debug|Any CPU.Build.0 = Debug|Any CPU
		{1B99F842-E366-43E8-8FAF-A14A10740B9E}.Release|Any CPU.ActiveCfg = Release|Any CPU
		{1B99F842-E366-43E8-8FAF-A14A10740B9E}.Release|Any CPU.Build.0 = Release|Any CPU
		{5D7F9E22-D683-4E27-8952-4A36EE8AB123}.Debug|Any CPU.ActiveCfg = Debug|Any CPU
		{5D7F9E22-D683-4E27-8952-4A36EE8AB123}.Debug|Any CPU.Build.0 = Debug|Any CPU
		{5D7F9E22-D683-4E27-8952-4A36EE8AB123}.Release|Any CPU.ActiveCfg = Release|Any CPU
		{5D7F9E22-D683-4E27-8952-4A36EE8AB123}.Release|Any CPU.Build.0 = Release|Any CPU
		{3B08487A-442F-4ACF-BFC1-7A4EE5FD4AE2}.Debug|Any CPU.ActiveCfg = Debug|Any CPU
		{3B08487A-442F-4ACF-BFC1-7A4EE5FD4AE2}.Debug|Any CPU.Build.0 = Debug|Any CPU
		{3B08487A-442F-4ACF-BFC1-7A4EE5FD4AE2}.Release|Any CPU.ActiveCfg = Release|Any CPU
		{3B08487A-442F-4ACF-BFC1-7A4EE5FD4AE2}.Release|Any CPU.Build.0 = Release|Any CPU
		{E0939EB9-A00C-4142-A948-71965B77FF17}.Debug|Any CPU.ActiveCfg = Debug|Any CPU
		{E0939EB9-A00C-4142-A948-71965B77FF17}.Debug|Any CPU.Build.0 = Debug|Any CPU
		{E0939EB9-A00C-4142-A948-71965B77FF17}.Release|Any CPU.ActiveCfg = Release|Any CPU
		{E0939EB9-A00C-4142-A948-71965B77FF17}.Release|Any CPU.Build.0 = Release|Any CPU
		{A1C80D29-71CE-4EBC-982C-C94B9263F7F8}.Debug|Any CPU.ActiveCfg = Debug|Any CPU
		{A1C80D29-71CE-4EBC-982C-C94B9263F7F8}.Debug|Any CPU.Build.0 = Debug|Any CPU
		{A1C80D29-71CE-4EBC-982C-C94B9263F7F8}.Release|Any CPU.ActiveCfg = Release|Any CPU
		{A1C80D29-71CE-4EBC-982C-C94B9263F7F8}.Release|Any CPU.Build.0 = Release|Any CPU
		{55D1E991-570C-4357-8A7D-73756AA96B83}.Debug|Any CPU.ActiveCfg = Debug|Any CPU
		{55D1E991-570C-4357-8A7D-73756AA96B83}.Debug|Any CPU.Build.0 = Debug|Any CPU
		{55D1E991-570C-4357-8A7D-73756AA96B83}.Release|Any CPU.ActiveCfg = Release|Any CPU
		{55D1E991-570C-4357-8A7D-73756AA96B83}.Release|Any CPU.Build.0 = Release|Any CPU
		{A346892B-AA87-40D0-8537-1E3C2CD285E3}.Debug|Any CPU.ActiveCfg = Debug|Any CPU
		{A346892B-AA87-40D0-8537-1E3C2CD285E3}.Debug|Any CPU.Build.0 = Debug|Any CPU
		{A346892B-AA87-40D0-8537-1E3C2CD285E3}.Release|Any CPU.ActiveCfg = Release|Any CPU
		{A346892B-AA87-40D0-8537-1E3C2CD285E3}.Release|Any CPU.Build.0 = Release|Any CPU
		{C022701B-B2F7-429A-850F-C50CDC15B925}.Debug|Any CPU.ActiveCfg = Debug|Any CPU
		{C022701B-B2F7-429A-850F-C50CDC15B925}.Debug|Any CPU.Build.0 = Debug|Any CPU
		{C022701B-B2F7-429A-850F-C50CDC15B925}.Release|Any CPU.ActiveCfg = Release|Any CPU
		{C022701B-B2F7-429A-850F-C50CDC15B925}.Release|Any CPU.Build.0 = Release|Any CPU
		{60D204BE-E780-4B12-BD80-F91DA0D81031}.Debug|Any CPU.ActiveCfg = Debug|Any CPU
		{60D204BE-E780-4B12-BD80-F91DA0D81031}.Debug|Any CPU.Build.0 = Debug|Any CPU
		{60D204BE-E780-4B12-BD80-F91DA0D81031}.Release|Any CPU.ActiveCfg = Release|Any CPU
		{60D204BE-E780-4B12-BD80-F91DA0D81031}.Release|Any CPU.Build.0 = Release|Any CPU
		{786F338E-1E4C-42D7-9645-17E29C7EFEFD}.Debug|Any CPU.ActiveCfg = Debug|Any CPU
		{786F338E-1E4C-42D7-9645-17E29C7EFEFD}.Debug|Any CPU.Build.0 = Debug|Any CPU
		{786F338E-1E4C-42D7-9645-17E29C7EFEFD}.Release|Any CPU.ActiveCfg = Release|Any CPU
		{786F338E-1E4C-42D7-9645-17E29C7EFEFD}.Release|Any CPU.Build.0 = Release|Any CPU
		{FF1A8DED-B788-45F8-9F52-4ABFE986A7EB}.Debug|Any CPU.ActiveCfg = Debug|Any CPU
		{FF1A8DED-B788-45F8-9F52-4ABFE986A7EB}.Debug|Any CPU.Build.0 = Debug|Any CPU
		{FF1A8DED-B788-45F8-9F52-4ABFE986A7EB}.Release|Any CPU.ActiveCfg = Release|Any CPU
		{FF1A8DED-B788-45F8-9F52-4ABFE986A7EB}.Release|Any CPU.Build.0 = Release|Any CPU
		{A35D2BB4-379D-4C96-8B3F-E655DE6E432E}.Debug|Any CPU.ActiveCfg = Debug|Any CPU
		{A35D2BB4-379D-4C96-8B3F-E655DE6E432E}.Debug|Any CPU.Build.0 = Debug|Any CPU
		{A35D2BB4-379D-4C96-8B3F-E655DE6E432E}.Release|Any CPU.ActiveCfg = Release|Any CPU
		{A35D2BB4-379D-4C96-8B3F-E655DE6E432E}.Release|Any CPU.Build.0 = Release|Any CPU
		{319E920E-9017-4B50-BBC3-D71D546B7DB2}.Debug|Any CPU.ActiveCfg = Debug|Any CPU
		{319E920E-9017-4B50-BBC3-D71D546B7DB2}.Debug|Any CPU.Build.0 = Debug|Any CPU
		{319E920E-9017-4B50-BBC3-D71D546B7DB2}.Release|Any CPU.ActiveCfg = Release|Any CPU
		{319E920E-9017-4B50-BBC3-D71D546B7DB2}.Release|Any CPU.Build.0 = Release|Any CPU
		{D30BF45C-2F6F-4A36-BDEB-761DE11AF3A4}.Debug|Any CPU.ActiveCfg = Debug|Any CPU
		{D30BF45C-2F6F-4A36-BDEB-761DE11AF3A4}.Debug|Any CPU.Build.0 = Debug|Any CPU
		{D30BF45C-2F6F-4A36-BDEB-761DE11AF3A4}.Release|Any CPU.ActiveCfg = Release|Any CPU
		{D30BF45C-2F6F-4A36-BDEB-761DE11AF3A4}.Release|Any CPU.Build.0 = Release|Any CPU
		{8E64B132-719D-4DBF-925C-F33B42A0B29E}.Debug|Any CPU.ActiveCfg = Debug|Any CPU
		{8E64B132-719D-4DBF-925C-F33B42A0B29E}.Debug|Any CPU.Build.0 = Debug|Any CPU
		{8E64B132-719D-4DBF-925C-F33B42A0B29E}.Release|Any CPU.ActiveCfg = Release|Any CPU
		{8E64B132-719D-4DBF-925C-F33B42A0B29E}.Release|Any CPU.Build.0 = Release|Any CPU
		{A0FF67D7-D874-4CD5-A6B2-ADC3DC6E09C1}.Debug|Any CPU.ActiveCfg = Debug|Any CPU
		{A0FF67D7-D874-4CD5-A6B2-ADC3DC6E09C1}.Debug|Any CPU.Build.0 = Debug|Any CPU
		{A0FF67D7-D874-4CD5-A6B2-ADC3DC6E09C1}.Release|Any CPU.ActiveCfg = Release|Any CPU
		{A0FF67D7-D874-4CD5-A6B2-ADC3DC6E09C1}.Release|Any CPU.Build.0 = Release|Any CPU
		{F9A34AAF-C915-45D4-82A0-C85FE8E77BBE}.Debug|Any CPU.ActiveCfg = Debug|Any CPU
		{F9A34AAF-C915-45D4-82A0-C85FE8E77BBE}.Debug|Any CPU.Build.0 = Debug|Any CPU
		{F9A34AAF-C915-45D4-82A0-C85FE8E77BBE}.Release|Any CPU.ActiveCfg = Release|Any CPU
		{F9A34AAF-C915-45D4-82A0-C85FE8E77BBE}.Release|Any CPU.Build.0 = Release|Any CPU
		{A8D3561D-EEEE-47DD-A47F-0F37BDA7350D}.Debug|Any CPU.ActiveCfg = Debug|Any CPU
		{A8D3561D-EEEE-47DD-A47F-0F37BDA7350D}.Debug|Any CPU.Build.0 = Debug|Any CPU
		{A8D3561D-EEEE-47DD-A47F-0F37BDA7350D}.Release|Any CPU.ActiveCfg = Release|Any CPU
		{A8D3561D-EEEE-47DD-A47F-0F37BDA7350D}.Release|Any CPU.Build.0 = Release|Any CPU
	EndGlobalSection
	GlobalSection(SolutionProperties) = preSolution
		HideSolutionNode = FALSE
	EndGlobalSection
	GlobalSection(NestedProjects) = preSolution
		{B4DB2B2D-6754-4B71-BC37-C8F1816646C1} = {2C104906-798F-4EEB-931C-F01600EA9F7F}
		{013BD1E6-D607-4994-9EBE-2E9ED116AAC6} = {1DBC0DA8-2E80-4C0D-AB1F-A1E54CF304FF}
		{B6CE638E-0175-4CEE-ABE7-D8E4A25B2328} = {95F6A9D4-42A9-483A-80F8-EADDD6CEFEDE}
		{34F10592-77BF-47D5-B282-3E5856338F97} = {2C104906-798F-4EEB-931C-F01600EA9F7F}
		{15DC4D19-A2D0-4624-B83E-12E6466F148C} = {1A69E6A7-33B3-4DAF-9D9D-FD7CD474FFD3}
		{DF77A949-1A7A-4526-825D-5BF5CC5162E9} = {1A69E6A7-33B3-4DAF-9D9D-FD7CD474FFD3}
		{2925BF23-5C16-42C3-97A0-9E0427F41D8F} = {1DBC0DA8-2E80-4C0D-AB1F-A1E54CF304FF}
		{14B62AEE-0651-4CE3-B330-AB0E711719CE} = {1DBC0DA8-2E80-4C0D-AB1F-A1E54CF304FF}
		{A006F93A-A70D-4A0F-AA09-E08A001C5C0D} = {2C104906-798F-4EEB-931C-F01600EA9F7F}
		{FC8C1E8A-A510-4EDE-9D1B-479EACAAB207} = {CF1EEDD8-FFFF-4E17-B61A-86A1110D9F7C}
		{8A29E2E6-D7B9-4862-965B-282C4824527B} = {1DBC0DA8-2E80-4C0D-AB1F-A1E54CF304FF}
		{E347F2F3-FF6A-46EA-B6A3-31334F626EF6} = {95F6A9D4-42A9-483A-80F8-EADDD6CEFEDE}
		{4EDEE8A2-D89D-4040-B786-5374C65E8074} = {71C3A14F-639C-4C19-AED7-ACC49FD78189}
		{F6B8840F-9F8C-4194-923F-BCF0BA1D9BF3} = {95F6A9D4-42A9-483A-80F8-EADDD6CEFEDE}
		{1B99F842-E366-43E8-8FAF-A14A10740B9E} = {2C104906-798F-4EEB-931C-F01600EA9F7F}
		{5D7F9E22-D683-4E27-8952-4A36EE8AB123} = {15D0D528-DC48-4E43-A8E8-3EFEC938951B}
		{3B08487A-442F-4ACF-BFC1-7A4EE5FD4AE2} = {2C104906-798F-4EEB-931C-F01600EA9F7F}
		{E0939EB9-A00C-4142-A948-71965B77FF17} = {2C104906-798F-4EEB-931C-F01600EA9F7F}
		{A1C80D29-71CE-4EBC-982C-C94B9263F7F8} = {95F6A9D4-42A9-483A-80F8-EADDD6CEFEDE}
		{55D1E991-570C-4357-8A7D-73756AA96B83} = {95F6A9D4-42A9-483A-80F8-EADDD6CEFEDE}
		{A346892B-AA87-40D0-8537-1E3C2CD285E3} = {95F6A9D4-42A9-483A-80F8-EADDD6CEFEDE}
		{C022701B-B2F7-429A-850F-C50CDC15B925} = {95F6A9D4-42A9-483A-80F8-EADDD6CEFEDE}
		{60D204BE-E780-4B12-BD80-F91DA0D81031} = {15D0D528-DC48-4E43-A8E8-3EFEC938951B}
		{786F338E-1E4C-42D7-9645-17E29C7EFEFD} = {15D0D528-DC48-4E43-A8E8-3EFEC938951B}
		{FF1A8DED-B788-45F8-9F52-4ABFE986A7EB} = {CF1EEDD8-FFFF-4E17-B61A-86A1110D9F7C}
		{A35D2BB4-379D-4C96-8B3F-E655DE6E432E} = {CF1EEDD8-FFFF-4E17-B61A-86A1110D9F7C}
		{4DA41AEA-AE61-458B-B516-EE6BDDE180E2} = {B48ACA8E-45C0-4F17-9638-5CEAC9E5A185}
		{723CADA9-2D52-4F05-9661-1655F8182084} = {B48ACA8E-45C0-4F17-9638-5CEAC9E5A185}
		{319E920E-9017-4B50-BBC3-D71D546B7DB2} = {723CADA9-2D52-4F05-9661-1655F8182084}
		{D30BF45C-2F6F-4A36-BDEB-761DE11AF3A4} = {4DA41AEA-AE61-458B-B516-EE6BDDE180E2}
		{8E64B132-719D-4DBF-925C-F33B42A0B29E} = {1A69E6A7-33B3-4DAF-9D9D-FD7CD474FFD3}
		{A0FF67D7-D874-4CD5-A6B2-ADC3DC6E09C1} = {15D0D528-DC48-4E43-A8E8-3EFEC938951B}
		{F9A34AAF-C915-45D4-82A0-C85FE8E77BBE} = {15D0D528-DC48-4E43-A8E8-3EFEC938951B}
		{A8D3561D-EEEE-47DD-A47F-0F37BDA7350D} = {723CADA9-2D52-4F05-9661-1655F8182084}
	EndGlobalSection
	GlobalSection(ExtensibilityGlobals) = postSolution
		SolutionGuid = {577CCEC3-4CDB-458A-B93D-F8579C2C3D8F}
	EndGlobalSection
EndGlobal
