
Microsoft Visual Studio Solution File, Format Version 12.00
# Visual Studio Version 16
VisualStudioVersion = 16.0.29424.173
MinimumVisualStudioVersion = 10.0.40219.1
Project("{9A19103F-16F7-4668-BE54-9A1E7A4F7556}") = "Cdy.Tag", "Cdy.Tag\Cdy.Tag.csproj", "{B4DB2B2D-6754-4B71-BC37-C8F1816646C1}"
EndProject
Project("{9A19103F-16F7-4668-BE54-9A1E7A4F7556}") = "DBInStudio.Desktop", "DbManager.Desktop\DBInStudio.Desktop.csproj", "{013BD1E6-D607-4994-9EBE-2E9ED116AAC6}"
EndProject
Project("{9A19103F-16F7-4668-BE54-9A1E7A4F7556}") = "DBRuntime", "DataRunner\DBRuntime.csproj", "{B6CE638E-0175-4CEE-ABE7-D8E4A25B2328}"
EndProject
Project("{9A19103F-16F7-4668-BE54-9A1E7A4F7556}") = "Cdy.Tag.Common", "Cdy.Tag.Common\Cdy.Tag.Common.csproj", "{34F10592-77BF-47D5-B282-3E5856338F97}"
EndProject
Project("{9A19103F-16F7-4668-BE54-9A1E7A4F7556}") = "Cdy.Tag.CommonTests", "Cdy.Tag.CommonTests\Cdy.Tag.CommonTests.csproj", "{15DC4D19-A2D0-4624-B83E-12E6466F148C}"
EndProject
Project("{2150E333-8FDC-42A3-9474-1A3956D46DE8}") = "Tests", "Tests", "{1A69E6A7-33B3-4DAF-9D9D-FD7CD474FFD3}"
EndProject
Project("{9A19103F-16F7-4668-BE54-9A1E7A4F7556}") = "DataRunnerTests", "DataRunnerTests\DataRunnerTests.csproj", "{DF77A949-1A7A-4526-825D-5BF5CC5162E9}"
EndProject
Project("{9A19103F-16F7-4668-BE54-9A1E7A4F7556}") = "DBDevelopService", "DBDevelopService\DBDevelopService.csproj", "{2925BF23-5C16-42C3-97A0-9E0427F41D8F}"
EndProject
Project("{9A19103F-16F7-4668-BE54-9A1E7A4F7556}") = "DBInStudioServer", "DBStudio\DBInStudioServer.csproj", "{14B62AEE-0651-4CE3-B330-AB0E711719CE}"
EndProject
Project("{9A19103F-16F7-4668-BE54-9A1E7A4F7556}") = "Cdy.Tag.Driver", "Cdy.Tag.Driver\Cdy.Tag.Driver.csproj", "{A006F93A-A70D-4A0F-AA09-E08A001C5C0D}"
EndProject
Project("{9A19103F-16F7-4668-BE54-9A1E7A4F7556}") = "SimDriver", "SimDriver\SimDriver.csproj", "{FC8C1E8A-A510-4EDE-9D1B-479EACAAB207}"
EndProject
Project("{9A19103F-16F7-4668-BE54-9A1E7A4F7556}") = "HisDataService", "HisDataService\HisDataService.csproj", "{07D6078C-1B44-4AD2-A042-AA679420E09B}"
EndProject
Project("{9A19103F-16F7-4668-BE54-9A1E7A4F7556}") = "DBDevelopClientApi", "DBDevelopClientApi\DBDevelopClientApi.csproj", "{8A29E2E6-D7B9-4862-965B-282C4824527B}"
EndProject
Project("{9A19103F-16F7-4668-BE54-9A1E7A4F7556}") = "DBHisData", "DBHisData\DBHisData.csproj", "{E347F2F3-FF6A-46EA-B6A3-31334F626EF6}"
EndProject
Project("{9A19103F-16F7-4668-BE54-9A1E7A4F7556}") = "HisDataTools", "HisDataTools\HisDataTools.csproj", "{4EDEE8A2-D89D-4040-B786-5374C65E8074}"
EndProject
Project("{9A19103F-16F7-4668-BE54-9A1E7A4F7556}") = "DBInRun", "DBInRun\DBInRun.csproj", "{F6B8840F-9F8C-4194-923F-BCF0BA1D9BF3}"
EndProject
Project("{2150E333-8FDC-42A3-9474-1A3956D46DE8}") = "InRun", "InRun", "{95F6A9D4-42A9-483A-80F8-EADDD6CEFEDE}"
EndProject
Project("{2150E333-8FDC-42A3-9474-1A3956D46DE8}") = "InStudio", "InStudio", "{1DBC0DA8-2E80-4C0D-AB1F-A1E54CF304FF}"
EndProject
Project("{2150E333-8FDC-42A3-9474-1A3956D46DE8}") = "Common", "Common", "{2C104906-798F-4EEB-931C-F01600EA9F7F}"
EndProject
Project("{9A19103F-16F7-4668-BE54-9A1E7A4F7556}") = "Cdy.Tag.Consume", "Cdy.Tag.Consume\Cdy.Tag.Consume.csproj", "{1B99F842-E366-43E8-8FAF-A14A10740B9E}"
EndProject
Project("{FAE04EC0-301F-11D3-BF4B-00C04F79EFBC}") = "DbInRunWebApi", "DbInRunWebApi\DbInRunWebApi.csproj", "{5D7F9E22-D683-4E27-8952-4A36EE8AB123}"
EndProject
Global
	GlobalSection(SolutionConfigurationPlatforms) = preSolution
		Debug|Any CPU = Debug|Any CPU
		Release|Any CPU = Release|Any CPU
	EndGlobalSection
	GlobalSection(ProjectConfigurationPlatforms) = postSolution
		{B4DB2B2D-6754-4B71-BC37-C8F1816646C1}.Debug|Any CPU.ActiveCfg = Debug|Any CPU
		{B4DB2B2D-6754-4B71-BC37-C8F1816646C1}.Debug|Any CPU.Build.0 = Debug|Any CPU
		{B4DB2B2D-6754-4B71-BC37-C8F1816646C1}.Release|Any CPU.ActiveCfg = Release|Any CPU
		{B4DB2B2D-6754-4B71-BC37-C8F1816646C1}.Release|Any CPU.Build.0 = Release|Any CPU
		{013BD1E6-D607-4994-9EBE-2E9ED116AAC6}.Debug|Any CPU.ActiveCfg = Debug|Any CPU
		{013BD1E6-D607-4994-9EBE-2E9ED116AAC6}.Debug|Any CPU.Build.0 = Debug|Any CPU
		{013BD1E6-D607-4994-9EBE-2E9ED116AAC6}.Release|Any CPU.ActiveCfg = Release|Any CPU
		{013BD1E6-D607-4994-9EBE-2E9ED116AAC6}.Release|Any CPU.Build.0 = Release|Any CPU
		{B6CE638E-0175-4CEE-ABE7-D8E4A25B2328}.Debug|Any CPU.ActiveCfg = Debug|Any CPU
		{B6CE638E-0175-4CEE-ABE7-D8E4A25B2328}.Debug|Any CPU.Build.0 = Debug|Any CPU
		{B6CE638E-0175-4CEE-ABE7-D8E4A25B2328}.Release|Any CPU.ActiveCfg = Release|Any CPU
		{B6CE638E-0175-4CEE-ABE7-D8E4A25B2328}.Release|Any CPU.Build.0 = Release|Any CPU
		{34F10592-77BF-47D5-B282-3E5856338F97}.Debug|Any CPU.ActiveCfg = Debug|Any CPU
		{34F10592-77BF-47D5-B282-3E5856338F97}.Debug|Any CPU.Build.0 = Debug|Any CPU
		{34F10592-77BF-47D5-B282-3E5856338F97}.Release|Any CPU.ActiveCfg = Release|Any CPU
		{34F10592-77BF-47D5-B282-3E5856338F97}.Release|Any CPU.Build.0 = Release|Any CPU
		{15DC4D19-A2D0-4624-B83E-12E6466F148C}.Debug|Any CPU.ActiveCfg = Debug|Any CPU
		{15DC4D19-A2D0-4624-B83E-12E6466F148C}.Debug|Any CPU.Build.0 = Debug|Any CPU
		{15DC4D19-A2D0-4624-B83E-12E6466F148C}.Release|Any CPU.ActiveCfg = Release|Any CPU
		{15DC4D19-A2D0-4624-B83E-12E6466F148C}.Release|Any CPU.Build.0 = Release|Any CPU
		{DF77A949-1A7A-4526-825D-5BF5CC5162E9}.Debug|Any CPU.ActiveCfg = Debug|Any CPU
		{DF77A949-1A7A-4526-825D-5BF5CC5162E9}.Debug|Any CPU.Build.0 = Debug|Any CPU
		{DF77A949-1A7A-4526-825D-5BF5CC5162E9}.Release|Any CPU.ActiveCfg = Release|Any CPU
		{DF77A949-1A7A-4526-825D-5BF5CC5162E9}.Release|Any CPU.Build.0 = Release|Any CPU
		{2925BF23-5C16-42C3-97A0-9E0427F41D8F}.Debug|Any CPU.ActiveCfg = Debug|Any CPU
		{2925BF23-5C16-42C3-97A0-9E0427F41D8F}.Debug|Any CPU.Build.0 = Debug|Any CPU
		{2925BF23-5C16-42C3-97A0-9E0427F41D8F}.Release|Any CPU.ActiveCfg = Release|Any CPU
		{2925BF23-5C16-42C3-97A0-9E0427F41D8F}.Release|Any CPU.Build.0 = Release|Any CPU
		{14B62AEE-0651-4CE3-B330-AB0E711719CE}.Debug|Any CPU.ActiveCfg = Debug|Any CPU
		{14B62AEE-0651-4CE3-B330-AB0E711719CE}.Debug|Any CPU.Build.0 = Debug|Any CPU
		{14B62AEE-0651-4CE3-B330-AB0E711719CE}.Release|Any CPU.ActiveCfg = Release|Any CPU
		{14B62AEE-0651-4CE3-B330-AB0E711719CE}.Release|Any CPU.Build.0 = Release|Any CPU
		{A006F93A-A70D-4A0F-AA09-E08A001C5C0D}.Debug|Any CPU.ActiveCfg = Debug|Any CPU
		{A006F93A-A70D-4A0F-AA09-E08A001C5C0D}.Debug|Any CPU.Build.0 = Debug|Any CPU
		{A006F93A-A70D-4A0F-AA09-E08A001C5C0D}.Release|Any CPU.ActiveCfg = Release|Any CPU
		{A006F93A-A70D-4A0F-AA09-E08A001C5C0D}.Release|Any CPU.Build.0 = Release|Any CPU
		{FC8C1E8A-A510-4EDE-9D1B-479EACAAB207}.Debug|Any CPU.ActiveCfg = Debug|Any CPU
		{FC8C1E8A-A510-4EDE-9D1B-479EACAAB207}.Debug|Any CPU.Build.0 = Debug|Any CPU
		{FC8C1E8A-A510-4EDE-9D1B-479EACAAB207}.Release|Any CPU.ActiveCfg = Release|Any CPU
		{FC8C1E8A-A510-4EDE-9D1B-479EACAAB207}.Release|Any CPU.Build.0 = Release|Any CPU
		{07D6078C-1B44-4AD2-A042-AA679420E09B}.Debug|Any CPU.ActiveCfg = Debug|Any CPU
		{07D6078C-1B44-4AD2-A042-AA679420E09B}.Debug|Any CPU.Build.0 = Debug|Any CPU
		{07D6078C-1B44-4AD2-A042-AA679420E09B}.Release|Any CPU.ActiveCfg = Release|Any CPU
		{07D6078C-1B44-4AD2-A042-AA679420E09B}.Release|Any CPU.Build.0 = Release|Any CPU
		{8A29E2E6-D7B9-4862-965B-282C4824527B}.Debug|Any CPU.ActiveCfg = Debug|Any CPU
		{8A29E2E6-D7B9-4862-965B-282C4824527B}.Debug|Any CPU.Build.0 = Debug|Any CPU
		{8A29E2E6-D7B9-4862-965B-282C4824527B}.Release|Any CPU.ActiveCfg = Release|Any CPU
		{8A29E2E6-D7B9-4862-965B-282C4824527B}.Release|Any CPU.Build.0 = Release|Any CPU
		{E347F2F3-FF6A-46EA-B6A3-31334F626EF6}.Debug|Any CPU.ActiveCfg = Debug|Any CPU
		{E347F2F3-FF6A-46EA-B6A3-31334F626EF6}.Debug|Any CPU.Build.0 = Debug|Any CPU
		{E347F2F3-FF6A-46EA-B6A3-31334F626EF6}.Release|Any CPU.ActiveCfg = Release|Any CPU
		{E347F2F3-FF6A-46EA-B6A3-31334F626EF6}.Release|Any CPU.Build.0 = Release|Any CPU
		{4EDEE8A2-D89D-4040-B786-5374C65E8074}.Debug|Any CPU.ActiveCfg = Debug|Any CPU
		{4EDEE8A2-D89D-4040-B786-5374C65E8074}.Debug|Any CPU.Build.0 = Debug|Any CPU
		{4EDEE8A2-D89D-4040-B786-5374C65E8074}.Release|Any CPU.ActiveCfg = Release|Any CPU
		{4EDEE8A2-D89D-4040-B786-5374C65E8074}.Release|Any CPU.Build.0 = Release|Any CPU
		{F6B8840F-9F8C-4194-923F-BCF0BA1D9BF3}.Debug|Any CPU.ActiveCfg = Debug|Any CPU
		{F6B8840F-9F8C-4194-923F-BCF0BA1D9BF3}.Debug|Any CPU.Build.0 = Debug|Any CPU
		{F6B8840F-9F8C-4194-923F-BCF0BA1D9BF3}.Release|Any CPU.ActiveCfg = Release|Any CPU
		{F6B8840F-9F8C-4194-923F-BCF0BA1D9BF3}.Release|Any CPU.Build.0 = Release|Any CPU
		{1B99F842-E366-43E8-8FAF-A14A10740B9E}.Debug|Any CPU.ActiveCfg = Debug|Any CPU
		{1B99F842-E366-43E8-8FAF-A14A10740B9E}.Debug|Any CPU.Build.0 = Debug|Any CPU
		{1B99F842-E366-43E8-8FAF-A14A10740B9E}.Release|Any CPU.ActiveCfg = Release|Any CPU
		{1B99F842-E366-43E8-8FAF-A14A10740B9E}.Release|Any CPU.Build.0 = Release|Any CPU
		{5D7F9E22-D683-4E27-8952-4A36EE8AB123}.Debug|Any CPU.ActiveCfg = Debug|Any CPU
		{5D7F9E22-D683-4E27-8952-4A36EE8AB123}.Debug|Any CPU.Build.0 = Debug|Any CPU
		{5D7F9E22-D683-4E27-8952-4A36EE8AB123}.Release|Any CPU.ActiveCfg = Release|Any CPU
		{5D7F9E22-D683-4E27-8952-4A36EE8AB123}.Release|Any CPU.Build.0 = Release|Any CPU
	EndGlobalSection
	GlobalSection(SolutionProperties) = preSolution
		HideSolutionNode = FALSE
	EndGlobalSection
	GlobalSection(NestedProjects) = preSolution
		{B4DB2B2D-6754-4B71-BC37-C8F1816646C1} = {2C104906-798F-4EEB-931C-F01600EA9F7F}
		{013BD1E6-D607-4994-9EBE-2E9ED116AAC6} = {1DBC0DA8-2E80-4C0D-AB1F-A1E54CF304FF}
		{B6CE638E-0175-4CEE-ABE7-D8E4A25B2328} = {95F6A9D4-42A9-483A-80F8-EADDD6CEFEDE}
		{34F10592-77BF-47D5-B282-3E5856338F97} = {2C104906-798F-4EEB-931C-F01600EA9F7F}
		{15DC4D19-A2D0-4624-B83E-12E6466F148C} = {1A69E6A7-33B3-4DAF-9D9D-FD7CD474FFD3}
		{DF77A949-1A7A-4526-825D-5BF5CC5162E9} = {1A69E6A7-33B3-4DAF-9D9D-FD7CD474FFD3}
		{2925BF23-5C16-42C3-97A0-9E0427F41D8F} = {1DBC0DA8-2E80-4C0D-AB1F-A1E54CF304FF}
		{14B62AEE-0651-4CE3-B330-AB0E711719CE} = {1DBC0DA8-2E80-4C0D-AB1F-A1E54CF304FF}
		{A006F93A-A70D-4A0F-AA09-E08A001C5C0D} = {2C104906-798F-4EEB-931C-F01600EA9F7F}
		{FC8C1E8A-A510-4EDE-9D1B-479EACAAB207} = {95F6A9D4-42A9-483A-80F8-EADDD6CEFEDE}
		{07D6078C-1B44-4AD2-A042-AA679420E09B} = {95F6A9D4-42A9-483A-80F8-EADDD6CEFEDE}
		{8A29E2E6-D7B9-4862-965B-282C4824527B} = {1DBC0DA8-2E80-4C0D-AB1F-A1E54CF304FF}
		{E347F2F3-FF6A-46EA-B6A3-31334F626EF6} = {95F6A9D4-42A9-483A-80F8-EADDD6CEFEDE}
		{4EDEE8A2-D89D-4040-B786-5374C65E8074} = {95F6A9D4-42A9-483A-80F8-EADDD6CEFEDE}
		{F6B8840F-9F8C-4194-923F-BCF0BA1D9BF3} = {95F6A9D4-42A9-483A-80F8-EADDD6CEFEDE}
		{1B99F842-E366-43E8-8FAF-A14A10740B9E} = {2C104906-798F-4EEB-931C-F01600EA9F7F}
		{5D7F9E22-D683-4E27-8952-4A36EE8AB123} = {95F6A9D4-42A9-483A-80F8-EADDD6CEFEDE}
	EndGlobalSection
	GlobalSection(ExtensibilityGlobals) = postSolution
		SolutionGuid = {577CCEC3-4CDB-458A-B93D-F8579C2C3D8F}
	EndGlobalSection
EndGlobal
